
Microsoft Visual Studio Solution File, Format Version 12.00
# Visual Studio 15
VisualStudioVersion = 15.0.28010.0
MinimumVisualStudioVersion = 10.0.40219.1
Project("{9A19103F-16F7-4668-BE54-9A1E7A4F7556}") = "AIMS.APIs", "AIMS.APIs\AIMS.APIs.csproj", "{31D37DF5-A5EF-4073-9D62-D48B4B7EA46D}"
EndProject
Project("{9A19103F-16F7-4668-BE54-9A1E7A4F7556}") = "AIMS.DAL", "AIMS.DAL\AIMS.DAL.csproj", "{B9E00751-7098-49BE-987B-CCAB5D57869D}"
EndProject
Project("{9A19103F-16F7-4668-BE54-9A1E7A4F7556}") = "AIMS.Services", "AIMS.Services\AIMS.Services.csproj", "{E51D698F-51CE-440E-B0A1-EEE00B442F64}"
EndProject
Project("{9A19103F-16F7-4668-BE54-9A1E7A4F7556}") = "AIMS.Models", "AIMS.Models\AIMS.Models.csproj", "{B33D4FC5-3C22-4451-9FC6-8DC67B1DB83D}"
EndProject
Project("{FAE04EC0-301F-11D3-BF4B-00C04F79EFBC}") = "AIMS.IATILib", "AIMS.IATILib\AIMS.IATILib.csproj", "{7F856668-1BB9-4A1E-819F-F9F161926DE2}"
EndProject
Global
	GlobalSection(SolutionConfigurationPlatforms) = preSolution
		Debug|Any CPU = Debug|Any CPU
		Release|Any CPU = Release|Any CPU
	EndGlobalSection
	GlobalSection(ProjectConfigurationPlatforms) = postSolution
		{31D37DF5-A5EF-4073-9D62-D48B4B7EA46D}.Debug|Any CPU.ActiveCfg = Debug|Any CPU
		{31D37DF5-A5EF-4073-9D62-D48B4B7EA46D}.Debug|Any CPU.Build.0 = Debug|Any CPU
		{31D37DF5-A5EF-4073-9D62-D48B4B7EA46D}.Release|Any CPU.ActiveCfg = Release|Any CPU
		{31D37DF5-A5EF-4073-9D62-D48B4B7EA46D}.Release|Any CPU.Build.0 = Release|Any CPU
		{B9E00751-7098-49BE-987B-CCAB5D57869D}.Debug|Any CPU.ActiveCfg = Debug|Any CPU
		{B9E00751-7098-49BE-987B-CCAB5D57869D}.Debug|Any CPU.Build.0 = Debug|Any CPU
		{B9E00751-7098-49BE-987B-CCAB5D57869D}.Release|Any CPU.ActiveCfg = Release|Any CPU
		{B9E00751-7098-49BE-987B-CCAB5D57869D}.Release|Any CPU.Build.0 = Release|Any CPU
		{E51D698F-51CE-440E-B0A1-EEE00B442F64}.Debug|Any CPU.ActiveCfg = Debug|Any CPU
		{E51D698F-51CE-440E-B0A1-EEE00B442F64}.Debug|Any CPU.Build.0 = Debug|Any CPU
		{E51D698F-51CE-440E-B0A1-EEE00B442F64}.Release|Any CPU.ActiveCfg = Release|Any CPU
		{E51D698F-51CE-440E-B0A1-EEE00B442F64}.Release|Any CPU.Build.0 = Release|Any CPU
		{B33D4FC5-3C22-4451-9FC6-8DC67B1DB83D}.Debug|Any CPU.ActiveCfg = Debug|Any CPU
		{B33D4FC5-3C22-4451-9FC6-8DC67B1DB83D}.Debug|Any CPU.Build.0 = Debug|Any CPU
		{B33D4FC5-3C22-4451-9FC6-8DC67B1DB83D}.Release|Any CPU.ActiveCfg = Release|Any CPU
		{B33D4FC5-3C22-4451-9FC6-8DC67B1DB83D}.Release|Any CPU.Build.0 = Release|Any CPU
		{7F856668-1BB9-4A1E-819F-F9F161926DE2}.Debug|Any CPU.ActiveCfg = Debug|Any CPU
		{7F856668-1BB9-4A1E-819F-F9F161926DE2}.Debug|Any CPU.Build.0 = Debug|Any CPU
		{7F856668-1BB9-4A1E-819F-F9F161926DE2}.Release|Any CPU.ActiveCfg = Release|Any CPU
		{7F856668-1BB9-4A1E-819F-F9F161926DE2}.Release|Any CPU.Build.0 = Release|Any CPU
	EndGlobalSection
	GlobalSection(SolutionProperties) = preSolution
		HideSolutionNode = FALSE
	EndGlobalSection
	GlobalSection(ExtensibilityGlobals) = postSolution
		SolutionGuid = {7F724251-B96A-4736-BAE7-A419D1F15AE3}
	EndGlobalSection
EndGlobal
